// !$*UTF8*$!
{
	archiveVersion = 1;
	classes = {
	};
	objectVersion = 56;
	objects = {

/* Begin PBXBuildFile section */
		91062D6C29393167007E4894 /* PDI_inChurch_iOS_ProgrammingApp.swift in Sources */ = {isa = PBXBuildFile; fileRef = 91062D6B29393167007E4894 /* PDI_inChurch_iOS_ProgrammingApp.swift */; };
		91062D6E29393167007E4894 /* ContentView.swift in Sources */ = {isa = PBXBuildFile; fileRef = 91062D6D29393167007E4894 /* ContentView.swift */; };
		91062D702939316A007E4894 /* Assets.xcassets in Resources */ = {isa = PBXBuildFile; fileRef = 91062D6F2939316A007E4894 /* Assets.xcassets */; };
		91062D742939316A007E4894 /* Preview Assets.xcassets in Resources */ = {isa = PBXBuildFile; fileRef = 91062D732939316A007E4894 /* Preview Assets.xcassets */; };
		91062D7E2939316A007E4894 /* PDI_inChurch_iOS_ProgrammingTests.swift in Sources */ = {isa = PBXBuildFile; fileRef = 91062D7D2939316A007E4894 /* PDI_inChurch_iOS_ProgrammingTests.swift */; };
		91062D882939316A007E4894 /* PDI_inChurch_iOS_ProgrammingUITests.swift in Sources */ = {isa = PBXBuildFile; fileRef = 91062D872939316A007E4894 /* PDI_inChurch_iOS_ProgrammingUITests.swift */; };
		91062D8A2939316A007E4894 /* PDI_inChurch_iOS_ProgrammingUITestsLaunchTests.swift in Sources */ = {isa = PBXBuildFile; fileRef = 91062D892939316A007E4894 /* PDI_inChurch_iOS_ProgrammingUITestsLaunchTests.swift */; };
/* End PBXBuildFile section */

/* Begin PBXContainerItemProxy section */
		91062D7A2939316A007E4894 /* PBXContainerItemProxy */ = {
			isa = PBXContainerItemProxy;
			containerPortal = 91062D6029393167007E4894 /* Project object */;
			proxyType = 1;
			remoteGlobalIDString = 91062D6729393167007E4894;
			remoteInfo = "PDI inChurch iOS Programming";
		};
		91062D842939316A007E4894 /* PBXContainerItemProxy */ = {
			isa = PBXContainerItemProxy;
			containerPortal = 91062D6029393167007E4894 /* Project object */;
			proxyType = 1;
			remoteGlobalIDString = 91062D6729393167007E4894;
			remoteInfo = "PDI inChurch iOS Programming";
		};
/* End PBXContainerItemProxy section */

/* Begin PBXFileReference section */
		91062D6829393167007E4894 /* PDI inChurch iOS Programming.app */ = {isa = PBXFileReference; explicitFileType = wrapper.application; includeInIndex = 0; path = "PDI inChurch iOS Programming.app"; sourceTree = BUILT_PRODUCTS_DIR; };
		91062D6B29393167007E4894 /* PDI_inChurch_iOS_ProgrammingApp.swift */ = {isa = PBXFileReference; lastKnownFileType = sourcecode.swift; path = PDI_inChurch_iOS_ProgrammingApp.swift; sourceTree = "<group>"; };
		91062D6D29393167007E4894 /* ContentView.swift */ = {isa = PBXFileReference; lastKnownFileType = sourcecode.swift; path = ContentView.swift; sourceTree = "<group>"; };
		91062D6F2939316A007E4894 /* Assets.xcassets */ = {isa = PBXFileReference; lastKnownFileType = folder.assetcatalog; path = Assets.xcassets; sourceTree = "<group>"; };
		91062D712939316A007E4894 /* PDI_inChurch_iOS_Programming.entitlements */ = {isa = PBXFileReference; lastKnownFileType = text.plist.entitlements; path = PDI_inChurch_iOS_Programming.entitlements; sourceTree = "<group>"; };
		91062D732939316A007E4894 /* Preview Assets.xcassets */ = {isa = PBXFileReference; lastKnownFileType = folder.assetcatalog; path = "Preview Assets.xcassets"; sourceTree = "<group>"; };
		91062D792939316A007E4894 /* PDI inChurch iOS ProgrammingTests.xctest */ = {isa = PBXFileReference; explicitFileType = wrapper.cfbundle; includeInIndex = 0; path = "PDI inChurch iOS ProgrammingTests.xctest"; sourceTree = BUILT_PRODUCTS_DIR; };
		91062D7D2939316A007E4894 /* PDI_inChurch_iOS_ProgrammingTests.swift */ = {isa = PBXFileReference; lastKnownFileType = sourcecode.swift; path = PDI_inChurch_iOS_ProgrammingTests.swift; sourceTree = "<group>"; };
		91062D832939316A007E4894 /* PDI inChurch iOS ProgrammingUITests.xctest */ = {isa = PBXFileReference; explicitFileType = wrapper.cfbundle; includeInIndex = 0; path = "PDI inChurch iOS ProgrammingUITests.xctest"; sourceTree = BUILT_PRODUCTS_DIR; };
		91062D872939316A007E4894 /* PDI_inChurch_iOS_ProgrammingUITests.swift */ = {isa = PBXFileReference; lastKnownFileType = sourcecode.swift; path = PDI_inChurch_iOS_ProgrammingUITests.swift; sourceTree = "<group>"; };
		91062D892939316A007E4894 /* PDI_inChurch_iOS_ProgrammingUITestsLaunchTests.swift */ = {isa = PBXFileReference; lastKnownFileType = sourcecode.swift; path = PDI_inChurch_iOS_ProgrammingUITestsLaunchTests.swift; sourceTree = "<group>"; };
/* End PBXFileReference section */

/* Begin PBXFrameworksBuildPhase section */
		91062D6529393167007E4894 /* Frameworks */ = {
			isa = PBXFrameworksBuildPhase;
			buildActionMask = 2147483647;
			files = (
			);
			runOnlyForDeploymentPostprocessing = 0;
		};
		91062D762939316A007E4894 /* Frameworks */ = {
			isa = PBXFrameworksBuildPhase;
			buildActionMask = 2147483647;
			files = (
			);
			runOnlyForDeploymentPostprocessing = 0;
		};
		91062D802939316A007E4894 /* Frameworks */ = {
			isa = PBXFrameworksBuildPhase;
			buildActionMask = 2147483647;
			files = (
			);
			runOnlyForDeploymentPostprocessing = 0;
		};
/* End PBXFrameworksBuildPhase section */

/* Begin PBXGroup section */
		91062D5F29393167007E4894 = {
			isa = PBXGroup;
			children = (
				91062D6A29393167007E4894 /* PDI inChurch iOS Programming */,
				91062D7C2939316A007E4894 /* PDI inChurch iOS ProgrammingTests */,
				91062D862939316A007E4894 /* PDI inChurch iOS ProgrammingUITests */,
				91062D6929393167007E4894 /* Products */,
			);
			sourceTree = "<group>";
		};
		91062D6929393167007E4894 /* Products */ = {
			isa = PBXGroup;
			children = (
				91062D6829393167007E4894 /* PDI inChurch iOS Programming.app */,
				91062D792939316A007E4894 /* PDI inChurch iOS ProgrammingTests.xctest */,
				91062D832939316A007E4894 /* PDI inChurch iOS ProgrammingUITests.xctest */,
			);
			name = Products;
			sourceTree = "<group>";
		};
		91062D6A29393167007E4894 /* PDI inChurch iOS Programming */ = {
			isa = PBXGroup;
			children = (
				91062D6B29393167007E4894 /* PDI_inChurch_iOS_ProgrammingApp.swift */,
				91062D6D29393167007E4894 /* ContentView.swift */,
				91062D6F2939316A007E4894 /* Assets.xcassets */,
				91062D712939316A007E4894 /* PDI_inChurch_iOS_Programming.entitlements */,
				91062D722939316A007E4894 /* Preview Content */,
			);
			path = "PDI inChurch iOS Programming";
			sourceTree = "<group>";
		};
		91062D722939316A007E4894 /* Preview Content */ = {
			isa = PBXGroup;
			children = (
				91062D732939316A007E4894 /* Preview Assets.xcassets */,
			);
			path = "Preview Content";
			sourceTree = "<group>";
		};
		91062D7C2939316A007E4894 /* PDI inChurch iOS ProgrammingTests */ = {
			isa = PBXGroup;
			children = (
				91062D7D2939316A007E4894 /* PDI_inChurch_iOS_ProgrammingTests.swift */,
			);
			path = "PDI inChurch iOS ProgrammingTests";
			sourceTree = "<group>";
		};
		91062D862939316A007E4894 /* PDI inChurch iOS ProgrammingUITests */ = {
			isa = PBXGroup;
			children = (
				91062D872939316A007E4894 /* PDI_inChurch_iOS_ProgrammingUITests.swift */,
				91062D892939316A007E4894 /* PDI_inChurch_iOS_ProgrammingUITestsLaunchTests.swift */,
			);
			path = "PDI inChurch iOS ProgrammingUITests";
			sourceTree = "<group>";
		};
/* End PBXGroup section */

/* Begin PBXNativeTarget section */
		91062D6729393167007E4894 /* PDI inChurch iOS Programming */ = {
			isa = PBXNativeTarget;
			buildConfigurationList = 91062D8D2939316A007E4894 /* Build configuration list for PBXNativeTarget "PDI inChurch iOS Programming" */;
			buildPhases = (
				91062D6429393167007E4894 /* Sources */,
				91062D6529393167007E4894 /* Frameworks */,
				91062D6629393167007E4894 /* Resources */,
			);
			buildRules = (
			);
			dependencies = (
			);
			name = "PDI inChurch iOS Programming";
			productName = "PDI inChurch iOS Programming";
			productReference = 91062D6829393167007E4894 /* PDI inChurch iOS Programming.app */;
			productType = "com.apple.product-type.application";
		};
		91062D782939316A007E4894 /* PDI inChurch iOS ProgrammingTests */ = {
			isa = PBXNativeTarget;
			buildConfigurationList = 91062D902939316A007E4894 /* Build configuration list for PBXNativeTarget "PDI inChurch iOS ProgrammingTests" */;
			buildPhases = (
				91062D752939316A007E4894 /* Sources */,
				91062D762939316A007E4894 /* Frameworks */,
				91062D772939316A007E4894 /* Resources */,
			);
			buildRules = (
			);
			dependencies = (
				91062D7B2939316A007E4894 /* PBXTargetDependency */,
			);
			name = "PDI inChurch iOS ProgrammingTests";
			productName = "PDI inChurch iOS ProgrammingTests";
			productReference = 91062D792939316A007E4894 /* PDI inChurch iOS ProgrammingTests.xctest */;
			productType = "com.apple.product-type.bundle.unit-test";
		};
		91062D822939316A007E4894 /* PDI inChurch iOS ProgrammingUITests */ = {
			isa = PBXNativeTarget;
			buildConfigurationList = 91062D932939316A007E4894 /* Build configuration list for PBXNativeTarget "PDI inChurch iOS ProgrammingUITests" */;
			buildPhases = (
				91062D7F2939316A007E4894 /* Sources */,
				91062D802939316A007E4894 /* Frameworks */,
				91062D812939316A007E4894 /* Resources */,
			);
			buildRules = (
			);
			dependencies = (
				91062D852939316A007E4894 /* PBXTargetDependency */,
			);
			name = "PDI inChurch iOS ProgrammingUITests";
			productName = "PDI inChurch iOS ProgrammingUITests";
			productReference = 91062D832939316A007E4894 /* PDI inChurch iOS ProgrammingUITests.xctest */;
			productType = "com.apple.product-type.bundle.ui-testing";
		};
/* End PBXNativeTarget section */

/* Begin PBXProject section */
		91062D6029393167007E4894 /* Project object */ = {
			isa = PBXProject;
			attributes = {
				BuildIndependentTargetsInParallel = 1;
				LastSwiftUpdateCheck = 1410;
				LastUpgradeCheck = 1410;
				TargetAttributes = {
					91062D6729393167007E4894 = {
						CreatedOnToolsVersion = 14.1;
					};
					91062D782939316A007E4894 = {
						CreatedOnToolsVersion = 14.1;
						TestTargetID = 91062D6729393167007E4894;
					};
					91062D822939316A007E4894 = {
						CreatedOnToolsVersion = 14.1;
						TestTargetID = 91062D6729393167007E4894;
					};
				};
			};
			buildConfigurationList = 91062D6329393167007E4894 /* Build configuration list for PBXProject "PDI inChurch iOS Programming" */;
			compatibilityVersion = "Xcode 14.0";
			developmentRegion = en;
			hasScannedForEncodings = 0;
			knownRegions = (
				en,
				Base,
			);
			mainGroup = 91062D5F29393167007E4894;
			productRefGroup = 91062D6929393167007E4894 /* Products */;
			projectDirPath = "";
			projectRoot = "";
			targets = (
				91062D6729393167007E4894 /* PDI inChurch iOS Programming */,
				91062D782939316A007E4894 /* PDI inChurch iOS ProgrammingTests */,
				91062D822939316A007E4894 /* PDI inChurch iOS ProgrammingUITests */,
			);
		};
/* End PBXProject section */

/* Begin PBXResourcesBuildPhase section */
		91062D6629393167007E4894 /* Resources */ = {
			isa = PBXResourcesBuildPhase;
			buildActionMask = 2147483647;
			files = (
				91062D742939316A007E4894 /* Preview Assets.xcassets in Resources */,
				91062D702939316A007E4894 /* Assets.xcassets in Resources */,
			);
			runOnlyForDeploymentPostprocessing = 0;
		};
		91062D772939316A007E4894 /* Resources */ = {
			isa = PBXResourcesBuildPhase;
			buildActionMask = 2147483647;
			files = (
			);
			runOnlyForDeploymentPostprocessing = 0;
		};
		91062D812939316A007E4894 /* Resources */ = {
			isa = PBXResourcesBuildPhase;
			buildActionMask = 2147483647;
			files = (
			);
			runOnlyForDeploymentPostprocessing = 0;
		};
/* End PBXResourcesBuildPhase section */

/* Begin PBXSourcesBuildPhase section */
		91062D6429393167007E4894 /* Sources */ = {
			isa = PBXSourcesBuildPhase;
			buildActionMask = 2147483647;
			files = (
				91062D6E29393167007E4894 /* ContentView.swift in Sources */,
				91062D6C29393167007E4894 /* PDI_inChurch_iOS_ProgrammingApp.swift in Sources */,
			);
			runOnlyForDeploymentPostprocessing = 0;
		};
		91062D752939316A007E4894 /* Sources */ = {
			isa = PBXSourcesBuildPhase;
			buildActionMask = 2147483647;
			files = (
				91062D7E2939316A007E4894 /* PDI_inChurch_iOS_ProgrammingTests.swift in Sources */,
			);
			runOnlyForDeploymentPostprocessing = 0;
		};
		91062D7F2939316A007E4894 /* Sources */ = {
			isa = PBXSourcesBuildPhase;
			buildActionMask = 2147483647;
			files = (
				91062D8A2939316A007E4894 /* PDI_inChurch_iOS_ProgrammingUITestsLaunchTests.swift in Sources */,
				91062D882939316A007E4894 /* PDI_inChurch_iOS_ProgrammingUITests.swift in Sources */,
			);
			runOnlyForDeploymentPostprocessing = 0;
		};
/* End PBXSourcesBuildPhase section */

/* Begin PBXTargetDependency section */
		91062D7B2939316A007E4894 /* PBXTargetDependency */ = {
			isa = PBXTargetDependency;
			target = 91062D6729393167007E4894 /* PDI inChurch iOS Programming */;
			targetProxy = 91062D7A2939316A007E4894 /* PBXContainerItemProxy */;
		};
		91062D852939316A007E4894 /* PBXTargetDependency */ = {
			isa = PBXTargetDependency;
			target = 91062D6729393167007E4894 /* PDI inChurch iOS Programming */;
			targetProxy = 91062D842939316A007E4894 /* PBXContainerItemProxy */;
		};
/* End PBXTargetDependency section */

/* Begin XCBuildConfiguration section */
		91062D8B2939316A007E4894 /* Debug */ = {
			isa = XCBuildConfiguration;
			buildSettings = {
				ALWAYS_SEARCH_USER_PATHS = NO;
				CLANG_ANALYZER_NONNULL = YES;
				CLANG_ANALYZER_NUMBER_OBJECT_CONVERSION = YES_AGGRESSIVE;
				CLANG_CXX_LANGUAGE_STANDARD = "gnu++20";
				CLANG_ENABLE_MODULES = YES;
				CLANG_ENABLE_OBJC_ARC = YES;
				CLANG_ENABLE_OBJC_WEAK = YES;
				CLANG_WARN_BLOCK_CAPTURE_AUTORELEASING = YES;
				CLANG_WARN_BOOL_CONVERSION = YES;
				CLANG_WARN_COMMA = YES;
				CLANG_WARN_CONSTANT_CONVERSION = YES;
				CLANG_WARN_DEPRECATED_OBJC_IMPLEMENTATIONS = YES;
				CLANG_WARN_DIRECT_OBJC_ISA_USAGE = YES_ERROR;
				CLANG_WARN_DOCUMENTATION_COMMENTS = YES;
				CLANG_WARN_EMPTY_BODY = YES;
				CLANG_WARN_ENUM_CONVERSION = YES;
				CLANG_WARN_INFINITE_RECURSION = YES;
				CLANG_WARN_INT_CONVERSION = YES;
				CLANG_WARN_NON_LITERAL_NULL_CONVERSION = YES;
				CLANG_WARN_OBJC_IMPLICIT_RETAIN_SELF = YES;
				CLANG_WARN_OBJC_LITERAL_CONVERSION = YES;
				CLANG_WARN_OBJC_ROOT_CLASS = YES_ERROR;
				CLANG_WARN_QUOTED_INCLUDE_IN_FRAMEWORK_HEADER = YES;
				CLANG_WARN_RANGE_LOOP_ANALYSIS = YES;
				CLANG_WARN_STRICT_PROTOTYPES = YES;
				CLANG_WARN_SUSPICIOUS_MOVE = YES;
				CLANG_WARN_UNGUARDED_AVAILABILITY = YES_AGGRESSIVE;
				CLANG_WARN_UNREACHABLE_CODE = YES;
				CLANG_WARN__DUPLICATE_METHOD_MATCH = YES;
				COPY_PHASE_STRIP = NO;
				DEBUG_INFORMATION_FORMAT = dwarf;
				ENABLE_STRICT_OBJC_MSGSEND = YES;
				ENABLE_TESTABILITY = YES;
				GCC_C_LANGUAGE_STANDARD = gnu11;
				GCC_DYNAMIC_NO_PIC = NO;
				GCC_NO_COMMON_BLOCKS = YES;
				GCC_OPTIMIZATION_LEVEL = 0;
				GCC_PREPROCESSOR_DEFINITIONS = (
					"DEBUG=1",
					"$(inherited)",
				);
				GCC_WARN_64_TO_32_BIT_CONVERSION = YES;
				GCC_WARN_ABOUT_RETURN_TYPE = YES_ERROR;
				GCC_WARN_UNDECLARED_SELECTOR = YES;
				GCC_WARN_UNINITIALIZED_AUTOS = YES_AGGRESSIVE;
				GCC_WARN_UNUSED_FUNCTION = YES;
				GCC_WARN_UNUSED_VARIABLE = YES;
				MTL_ENABLE_DEBUG_INFO = INCLUDE_SOURCE;
				MTL_FAST_MATH = YES;
				ONLY_ACTIVE_ARCH = YES;
				SWIFT_ACTIVE_COMPILATION_CONDITIONS = DEBUG;
				SWIFT_OPTIMIZATION_LEVEL = "-Onone";
			};
			name = Debug;
		};
		91062D8C2939316A007E4894 /* Release */ = {
			isa = XCBuildConfiguration;
			buildSettings = {
				ALWAYS_SEARCH_USER_PATHS = NO;
				CLANG_ANALYZER_NONNULL = YES;
				CLANG_ANALYZER_NUMBER_OBJECT_CONVERSION = YES_AGGRESSIVE;
				CLANG_CXX_LANGUAGE_STANDARD = "gnu++20";
				CLANG_ENABLE_MODULES = YES;
				CLANG_ENABLE_OBJC_ARC = YES;
				CLANG_ENABLE_OBJC_WEAK = YES;
				CLANG_WARN_BLOCK_CAPTURE_AUTORELEASING = YES;
				CLANG_WARN_BOOL_CONVERSION = YES;
				CLANG_WARN_COMMA = YES;
				CLANG_WARN_CONSTANT_CONVERSION = YES;
				CLANG_WARN_DEPRECATED_OBJC_IMPLEMENTATIONS = YES;
				CLANG_WARN_DIRECT_OBJC_ISA_USAGE = YES_ERROR;
				CLANG_WARN_DOCUMENTATION_COMMENTS = YES;
				CLANG_WARN_EMPTY_BODY = YES;
				CLANG_WARN_ENUM_CONVERSION = YES;
				CLANG_WARN_INFINITE_RECURSION = YES;
				CLANG_WARN_INT_CONVERSION = YES;
				CLANG_WARN_NON_LITERAL_NULL_CONVERSION = YES;
				CLANG_WARN_OBJC_IMPLICIT_RETAIN_SELF = YES;
				CLANG_WARN_OBJC_LITERAL_CONVERSION = YES;
				CLANG_WARN_OBJC_ROOT_CLASS = YES_ERROR;
				CLANG_WARN_QUOTED_INCLUDE_IN_FRAMEWORK_HEADER = YES;
				CLANG_WARN_RANGE_LOOP_ANALYSIS = YES;
				CLANG_WARN_STRICT_PROTOTYPES = YES;
				CLANG_WARN_SUSPICIOUS_MOVE = YES;
				CLANG_WARN_UNGUARDED_AVAILABILITY = YES_AGGRESSIVE;
				CLANG_WARN_UNREACHABLE_CODE = YES;
				CLANG_WARN__DUPLICATE_METHOD_MATCH = YES;
				COPY_PHASE_STRIP = NO;
				DEBUG_INFORMATION_FORMAT = "dwarf-with-dsym";
				ENABLE_NS_ASSERTIONS = NO;
				ENABLE_STRICT_OBJC_MSGSEND = YES;
				GCC_C_LANGUAGE_STANDARD = gnu11;
				GCC_NO_COMMON_BLOCKS = YES;
				GCC_WARN_64_TO_32_BIT_CONVERSION = YES;
				GCC_WARN_ABOUT_RETURN_TYPE = YES_ERROR;
				GCC_WARN_UNDECLARED_SELECTOR = YES;
				GCC_WARN_UNINITIALIZED_AUTOS = YES_AGGRESSIVE;
				GCC_WARN_UNUSED_FUNCTION = YES;
				GCC_WARN_UNUSED_VARIABLE = YES;
				MTL_ENABLE_DEBUG_INFO = NO;
				MTL_FAST_MATH = YES;
				SWIFT_COMPILATION_MODE = wholemodule;
				SWIFT_OPTIMIZATION_LEVEL = "-O";
			};
			name = Release;
		};
		91062D8E2939316A007E4894 /* Debug */ = {
			isa = XCBuildConfiguration;
			buildSettings = {
				ASSETCATALOG_COMPILER_APPICON_NAME = AppIcon;
				ASSETCATALOG_COMPILER_GLOBAL_ACCENT_COLOR_NAME = AccentColor;
				CODE_SIGN_ENTITLEMENTS = "PDI inChurch iOS Programming/PDI_inChurch_iOS_Programming.entitlements";
				CODE_SIGN_STYLE = Automatic;
				CURRENT_PROJECT_VERSION = 1;
				DEVELOPMENT_ASSET_PATHS = "\"PDI inChurch iOS Programming/Preview Content\"";
				ENABLE_PREVIEWS = YES;
				GENERATE_INFOPLIST_FILE = YES;
				"INFOPLIST_KEY_UIApplicationSceneManifest_Generation[sdk=iphoneos*]" = YES;
				"INFOPLIST_KEY_UIApplicationSceneManifest_Generation[sdk=iphonesimulator*]" = YES;
				"INFOPLIST_KEY_UIApplicationSupportsIndirectInputEvents[sdk=iphoneos*]" = YES;
				"INFOPLIST_KEY_UIApplicationSupportsIndirectInputEvents[sdk=iphonesimulator*]" = YES;
				"INFOPLIST_KEY_UILaunchScreen_Generation[sdk=iphoneos*]" = YES;
				"INFOPLIST_KEY_UILaunchScreen_Generation[sdk=iphonesimulator*]" = YES;
				"INFOPLIST_KEY_UIStatusBarStyle[sdk=iphoneos*]" = UIStatusBarStyleDefault;
				"INFOPLIST_KEY_UIStatusBarStyle[sdk=iphonesimulator*]" = UIStatusBarStyleDefault;
				INFOPLIST_KEY_UISupportedInterfaceOrientations_iPad = "UIInterfaceOrientationPortrait UIInterfaceOrientationPortraitUpsideDown UIInterfaceOrientationLandscapeLeft UIInterfaceOrientationLandscapeRight";
				INFOPLIST_KEY_UISupportedInterfaceOrientations_iPhone = "UIInterfaceOrientationPortrait UIInterfaceOrientationLandscapeLeft UIInterfaceOrientationLandscapeRight";
				IPHONEOS_DEPLOYMENT_TARGET = 16.1;
				LD_RUNPATH_SEARCH_PATHS = "@executable_path/Frameworks";
				"LD_RUNPATH_SEARCH_PATHS[sdk=macosx*]" = "@executable_path/../Frameworks";
				MACOSX_DEPLOYMENT_TARGET = 13.0;
				MARKETING_VERSION = 1.0;
				PRODUCT_BUNDLE_IDENTIFIER = "com.guisco.PDI-inChurch-iOS-Programming";
				PRODUCT_NAME = "$(TARGET_NAME)";
				SDKROOT = auto;
				SUPPORTED_PLATFORMS = "iphoneos iphonesimulator macosx";
				SWIFT_EMIT_LOC_STRINGS = YES;
				SWIFT_VERSION = 5.0;
				TARGETED_DEVICE_FAMILY = "1,2";
			};
			name = Debug;
		};
		91062D8F2939316A007E4894 /* Release */ = {
			isa = XCBuildConfiguration;
			buildSettings = {
				ASSETCATALOG_COMPILER_APPICON_NAME = AppIcon;
				ASSETCATALOG_COMPILER_GLOBAL_ACCENT_COLOR_NAME = AccentColor;
				CODE_SIGN_ENTITLEMENTS = "PDI inChurch iOS Programming/PDI_inChurch_iOS_Programming.entitlements";
				CODE_SIGN_STYLE = Automatic;
				CURRENT_PROJECT_VERSION = 1;
				DEVELOPMENT_ASSET_PATHS = "\"PDI inChurch iOS Programming/Preview Content\"";
				ENABLE_PREVIEWS = YES;
				GENERATE_INFOPLIST_FILE = YES;
				"INFOPLIST_KEY_UIApplicationSceneManifest_Generation[sdk=iphoneos*]" = YES;
				"INFOPLIST_KEY_UIApplicationSceneManifest_Generation[sdk=iphonesimulator*]" = YES;
				"INFOPLIST_KEY_UIApplicationSupportsIndirectInputEvents[sdk=iphoneos*]" = YES;
				"INFOPLIST_KEY_UIApplicationSupportsIndirectInputEvents[sdk=iphonesimulator*]" = YES;
				"INFOPLIST_KEY_UILaunchScreen_Generation[sdk=iphoneos*]" = YES;
				"INFOPLIST_KEY_UILaunchScreen_Generation[sdk=iphonesimulator*]" = YES;
				"INFOPLIST_KEY_UIStatusBarStyle[sdk=iphoneos*]" = UIStatusBarStyleDefault;
				"INFOPLIST_KEY_UIStatusBarStyle[sdk=iphonesimulator*]" = UIStatusBarStyleDefault;
				INFOPLIST_KEY_UISupportedInterfaceOrientations_iPad = "UIInterfaceOrientationPortrait UIInterfaceOrientationPortraitUpsideDown UIInterfaceOrientationLandscapeLeft UIInterfaceOrientationLandscapeRight";
				INFOPLIST_KEY_UISupportedInterfaceOrientations_iPhone = "UIInterfaceOrientationPortrait UIInterfaceOrientationLandscapeLeft UIInterfaceOrientationLandscapeRight";
				IPHONEOS_DEPLOYMENT_TARGET = 16.1;
				LD_RUNPATH_SEARCH_PATHS = "@executable_path/Frameworks";
				"LD_RUNPATH_SEARCH_PATHS[sdk=macosx*]" = "@executable_path/../Frameworks";
				MACOSX_DEPLOYMENT_TARGET = 13.0;
				MARKETING_VERSION = 1.0;
				PRODUCT_BUNDLE_IDENTIFIER = "com.guisco.PDI-inChurch-iOS-Programming";
				PRODUCT_NAME = "$(TARGET_NAME)";
				SDKROOT = auto;
				SUPPORTED_PLATFORMS = "iphoneos iphonesimulator macosx";
				SWIFT_EMIT_LOC_STRINGS = YES;
				SWIFT_VERSION = 5.0;
				TARGETED_DEVICE_FAMILY = "1,2";
			};
			name = Release;
		};
		91062D912939316A007E4894 /* Debug */ = {
			isa = XCBuildConfiguration;
			buildSettings = {
				ALWAYS_EMBED_SWIFT_STANDARD_LIBRARIES = YES;
				BUNDLE_LOADER = "$(TEST_HOST)";
				CODE_SIGN_STYLE = Automatic;
				CURRENT_PROJECT_VERSION = 1;
				GENERATE_INFOPLIST_FILE = YES;
				IPHONEOS_DEPLOYMENT_TARGET = 16.1;
				MACOSX_DEPLOYMENT_TARGET = 13.0;
				MARKETING_VERSION = 1.0;
				PRODUCT_BUNDLE_IDENTIFIER = "com.guisco.PDI-inChurch-iOS-ProgrammingTests";
				PRODUCT_NAME = "$(TARGET_NAME)";
				SDKROOT = auto;
				SUPPORTED_PLATFORMS = "iphoneos iphonesimulator macosx";
				SWIFT_EMIT_LOC_STRINGS = NO;
				SWIFT_VERSION = 5.0;
				TARGETED_DEVICE_FAMILY = "1,2";
				TEST_HOST = "$(BUILT_PRODUCTS_DIR)/PDI inChurch iOS Programming.app/$(BUNDLE_EXECUTABLE_FOLDER_PATH)/PDI inChurch iOS Programming";
			};
			name = Debug;
		};
		91062D922939316A007E4894 /* Release */ = {
			isa = XCBuildConfiguration;
			buildSettings = {
				ALWAYS_EMBED_SWIFT_STANDARD_LIBRARIES = YES;
				BUNDLE_LOADER = "$(TEST_HOST)";
				CODE_SIGN_STYLE = Automatic;
				CURRENT_PROJECT_VERSION = 1;
				GENERATE_INFOPLIST_FILE = YES;
				IPHONEOS_DEPLOYMENT_TARGET = 16.1;
				MACOSX_DEPLOYMENT_TARGET = 13.0;
				MARKETING_VERSION = 1.0;
				PRODUCT_BUNDLE_IDENTIFIER = "com.guisco.PDI-inChurch-iOS-ProgrammingTests";
				PRODUCT_NAME = "$(TARGET_NAME)";
				SDKROOT = auto;
				SUPPORTED_PLATFORMS = "iphoneos iphonesimulator macosx";
				SWIFT_EMIT_LOC_STRINGS = NO;
				SWIFT_VERSION = 5.0;
				TARGETED_DEVICE_FAMILY = "1,2";
				TEST_HOST = "$(BUILT_PRODUCTS_DIR)/PDI inChurch iOS Programming.app/$(BUNDLE_EXECUTABLE_FOLDER_PATH)/PDI inChurch iOS Programming";
			};
			name = Release;
		};
		91062D942939316A007E4894 /* Debug */ = {
			isa = XCBuildConfiguration;
			buildSettings = {
				ALWAYS_EMBED_SWIFT_STANDARD_LIBRARIES = YES;
				CODE_SIGN_STYLE = Automatic;
				CURRENT_PROJECT_VERSION = 1;
				GENERATE_INFOPLIST_FILE = YES;
				IPHONEOS_DEPLOYMENT_TARGET = 16.1;
				MACOSX_DEPLOYMENT_TARGET = 13.0;
				MARKETING_VERSION = 1.0;
				PRODUCT_BUNDLE_IDENTIFIER = "com.guisco.PDI-inChurch-iOS-ProgrammingUITests";
				PRODUCT_NAME = "$(TARGET_NAME)";
				SDKROOT = auto;
				SUPPORTED_PLATFORMS = "iphoneos iphonesimulator macosx";
				SWIFT_EMIT_LOC_STRINGS = NO;
				SWIFT_VERSION = 5.0;
				TARGETED_DEVICE_FAMILY = "1,2";
				TEST_TARGET_NAME = "PDI inChurch iOS Programming";
			};
			name = Debug;
		};
		91062D952939316A007E4894 /* Release */ = {
			isa = XCBuildConfiguration;
			buildSettings = {
				ALWAYS_EMBED_SWIFT_STANDARD_LIBRARIES = YES;
				CODE_SIGN_STYLE = Automatic;
				CURRENT_PROJECT_VERSION = 1;
				GENERATE_INFOPLIST_FILE = YES;
				IPHONEOS_DEPLOYMENT_TARGET = 16.1;
				MACOSX_DEPLOYMENT_TARGET = 13.0;
				MARKETING_VERSION = 1.0;
				PRODUCT_BUNDLE_IDENTIFIER = "com.guisco.PDI-inChurch-iOS-ProgrammingUITests";
				PRODUCT_NAME = "$(TARGET_NAME)";
				SDKROOT = auto;
				SUPPORTED_PLATFORMS = "iphoneos iphonesimulator macosx";
				SWIFT_EMIT_LOC_STRINGS = NO;
				SWIFT_VERSION = 5.0;
				TARGETED_DEVICE_FAMILY = "1,2";
				TEST_TARGET_NAME = "PDI inChurch iOS Programming";
			};
			name = Release;
		};
/* End XCBuildConfiguration section */

/* Begin XCConfigurationList section */
		91062D6329393167007E4894 /* Build configuration list for PBXProject "PDI inChurch iOS Programming" */ = {
			isa = XCConfigurationList;
			buildConfigurations = (
				91062D8B2939316A007E4894 /* Debug */,
				91062D8C2939316A007E4894 /* Release */,
			);
			defaultConfigurationIsVisible = 0;
			defaultConfigurationName = Release;
		};
		91062D8D2939316A007E4894 /* Build configuration list for PBXNativeTarget "PDI inChurch iOS Programming" */ = {
			isa = XCConfigurationList;
			buildConfigurations = (
				91062D8E2939316A007E4894 /* Debug */,
				91062D8F2939316A007E4894 /* Release */,
			);
			defaultConfigurationIsVisible = 0;
			defaultConfigurationName = Release;
		};
		91062D902939316A007E4894 /* Build configuration list for PBXNativeTarget "PDI inChurch iOS ProgrammingTests" */ = {
			isa = XCConfigurationList;
			buildConfigurations = (
				91062D912939316A007E4894 /* Debug */,
				91062D922939316A007E4894 /* Release */,
			);
			defaultConfigurationIsVisible = 0;
			defaultConfigurationName = Release;
		};
		91062D932939316A007E4894 /* Build configuration list for PBXNativeTarget "PDI inChurch iOS ProgrammingUITests" */ = {
			isa = XCConfigurationList;
			buildConfigurations = (
				91062D942939316A007E4894 /* Debug */,
				91062D952939316A007E4894 /* Release */,
			);
			defaultConfigurationIsVisible = 0;
			defaultConfigurationName = Release;
		};
/* End XCConfigurationList section */
	};
	rootObject = 91062D6029393167007E4894 /* Project object */;
}
